// !$*UTF8*$!
{
	archiveVersion = 1;
	classes = {
	};
	objectVersion = 46;
	objects = {

/* Begin PBXBuildFile section */
		52BC7B3C15F75551005EAE1E /* UIKit.framework in Frameworks */ = {isa = PBXBuildFile; fileRef = 52BC7B3B15F75551005EAE1E /* UIKit.framework */; };
		52BC7B3E15F75551005EAE1E /* Foundation.framework in Frameworks */ = {isa = PBXBuildFile; fileRef = 52BC7B3D15F75551005EAE1E /* Foundation.framework */; };
		52BC7B4015F75551005EAE1E /* CoreGraphics.framework in Frameworks */ = {isa = PBXBuildFile; fileRef = 52BC7B3F15F75551005EAE1E /* CoreGraphics.framework */; };
		52BC7B4615F75551005EAE1E /* InfoPlist.strings in Resources */ = {isa = PBXBuildFile; fileRef = 52BC7B4415F75551005EAE1E /* InfoPlist.strings */; };
		52BC7B4815F75551005EAE1E /* main.m in Sources */ = {isa = PBXBuildFile; fileRef = 52BC7B4715F75551005EAE1E /* main.m */; };
		52BC7B4C15F75551005EAE1E /* AppDelegate.m in Sources */ = {isa = PBXBuildFile; fileRef = 52BC7B4B15F75551005EAE1E /* AppDelegate.m */; };
		52BC7B4F15F75551005EAE1E /* MainViewController.m in Sources */ = {isa = PBXBuildFile; fileRef = 52BC7B4E15F75551005EAE1E /* MainViewController.m */; };
		52BC7B5515F75551005EAE1E /* MainViewController_iPhone.xib in Resources */ = {isa = PBXBuildFile; fileRef = 52BC7B5315F75551005EAE1E /* MainViewController_iPhone.xib */; };
		52BC7B5815F75551005EAE1E /* MainViewController_iPad.xib in Resources */ = {isa = PBXBuildFile; fileRef = 52BC7B5615F75551005EAE1E /* MainViewController_iPad.xib */; };
		52BC7B6315F75551005EAE1E /* SenTestingKit.framework in Frameworks */ = {isa = PBXBuildFile; fileRef = 52BC7B6215F75551005EAE1E /* SenTestingKit.framework */; };
		52BC7B6415F75551005EAE1E /* UIKit.framework in Frameworks */ = {isa = PBXBuildFile; fileRef = 52BC7B3B15F75551005EAE1E /* UIKit.framework */; };
		52BC7B6515F75551005EAE1E /* Foundation.framework in Frameworks */ = {isa = PBXBuildFile; fileRef = 52BC7B3D15F75551005EAE1E /* Foundation.framework */; };
		52BC7B6D15F75551005EAE1E /* InfoPlist.strings in Resources */ = {isa = PBXBuildFile; fileRef = 52BC7B6B15F75551005EAE1E /* InfoPlist.strings */; };
		52BC7B7015F75551005EAE1E /* TVOutTests.m in Sources */ = {isa = PBXBuildFile; fileRef = 52BC7B6F15F75551005EAE1E /* TVOutTests.m */; };
		52BC7B7C15F755EE005EAE1E /* ExternalDisplayHandler.m in Sources */ = {isa = PBXBuildFile; fileRef = 52BC7B7B15F755EE005EAE1E /* ExternalDisplayHandler.m */; };
		52BC7B7D15F755EE005EAE1E /* ExternalDisplayHandler.m in Sources */ = {isa = PBXBuildFile; fileRef = 52BC7B7B15F755EE005EAE1E /* ExternalDisplayHandler.m */; };
		52BC7B8915F76DA6005EAE1E /* arrow-down.png in Resources */ = {isa = PBXBuildFile; fileRef = 52BC7B8515F76DA6005EAE1E /* arrow-down.png */; };
		52BC7B8A15F76DA6005EAE1E /* arrow-down.png in Resources */ = {isa = PBXBuildFile; fileRef = 52BC7B8515F76DA6005EAE1E /* arrow-down.png */; };
		52BC7B8B15F76DA6005EAE1E /* arrow-up.png in Resources */ = {isa = PBXBuildFile; fileRef = 52BC7B8615F76DA6005EAE1E /* arrow-up.png */; };
		52BC7B8C15F76DA6005EAE1E /* arrow-up.png in Resources */ = {isa = PBXBuildFile; fileRef = 52BC7B8615F76DA6005EAE1E /* arrow-up.png */; };
		52BC7B8D15F76DA6005EAE1E /* arrow-right.png in Resources */ = {isa = PBXBuildFile; fileRef = 52BC7B8715F76DA6005EAE1E /* arrow-right.png */; };
		52BC7B8E15F76DA6005EAE1E /* arrow-right.png in Resources */ = {isa = PBXBuildFile; fileRef = 52BC7B8715F76DA6005EAE1E /* arrow-right.png */; };
		52BC7B8F15F76DA6005EAE1E /* arrow-left.png in Resources */ = {isa = PBXBuildFile; fileRef = 52BC7B8815F76DA6005EAE1E /* arrow-left.png */; };
		52BC7B9015F76DA6005EAE1E /* arrow-left.png in Resources */ = {isa = PBXBuildFile; fileRef = 52BC7B8815F76DA6005EAE1E /* arrow-left.png */; };
		52BC7B9215F7B415005EAE1E /* README in Resources */ = {isa = PBXBuildFile; fileRef = 52BC7B9115F7B415005EAE1E /* README */; };
		52BC7B9315F7B415005EAE1E /* README in Resources */ = {isa = PBXBuildFile; fileRef = 52BC7B9115F7B415005EAE1E /* README */; };
/* End PBXBuildFile section */

/* Begin PBXContainerItemProxy section */
		52BC7B6615F75551005EAE1E /* PBXContainerItemProxy */ = {
			isa = PBXContainerItemProxy;
			containerPortal = 52BC7B2E15F75551005EAE1E /* Project object */;
			proxyType = 1;
			remoteGlobalIDString = 52BC7B3615F75551005EAE1E;
			remoteInfo = TVOut;
		};
/* End PBXContainerItemProxy section */

/* Begin PBXFileReference section */
		52BC7B3715F75551005EAE1E /* TVOut.app */ = {isa = PBXFileReference; explicitFileType = wrapper.application; includeInIndex = 0; path = TVOut.app; sourceTree = BUILT_PRODUCTS_DIR; };
		52BC7B3B15F75551005EAE1E /* UIKit.framework */ = {isa = PBXFileReference; lastKnownFileType = wrapper.framework; name = UIKit.framework; path = System/Library/Frameworks/UIKit.framework; sourceTree = SDKROOT; };
		52BC7B3D15F75551005EAE1E /* Foundation.framework */ = {isa = PBXFileReference; lastKnownFileType = wrapper.framework; name = Foundation.framework; path = System/Library/Frameworks/Foundation.framework; sourceTree = SDKROOT; };
		52BC7B3F15F75551005EAE1E /* CoreGraphics.framework */ = {isa = PBXFileReference; lastKnownFileType = wrapper.framework; name = CoreGraphics.framework; path = System/Library/Frameworks/CoreGraphics.framework; sourceTree = SDKROOT; };
		52BC7B4315F75551005EAE1E /* TVOut-Info.plist */ = {isa = PBXFileReference; lastKnownFileType = text.plist.xml; path = "TVOut-Info.plist"; sourceTree = "<group>"; };
		52BC7B4515F75551005EAE1E /* en */ = {isa = PBXFileReference; lastKnownFileType = text.plist.strings; name = en; path = en.lproj/InfoPlist.strings; sourceTree = "<group>"; };
		52BC7B4715F75551005EAE1E /* main.m */ = {isa = PBXFileReference; lastKnownFileType = sourcecode.c.objc; path = main.m; sourceTree = "<group>"; };
		52BC7B4915F75551005EAE1E /* TVOut-Prefix.pch */ = {isa = PBXFileReference; lastKnownFileType = sourcecode.c.h; path = "TVOut-Prefix.pch"; sourceTree = "<group>"; };
		52BC7B4A15F75551005EAE1E /* AppDelegate.h */ = {isa = PBXFileReference; lastKnownFileType = sourcecode.c.h; path = AppDelegate.h; sourceTree = "<group>"; };
		52BC7B4B15F75551005EAE1E /* AppDelegate.m */ = {isa = PBXFileReference; lastKnownFileType = sourcecode.c.objc; path = AppDelegate.m; sourceTree = "<group>"; };
		52BC7B4D15F75551005EAE1E /* MainViewController.h */ = {isa = PBXFileReference; lastKnownFileType = sourcecode.c.h; path = MainViewController.h; sourceTree = "<group>"; };
		52BC7B4E15F75551005EAE1E /* MainViewController.m */ = {isa = PBXFileReference; lastKnownFileType = sourcecode.c.objc; path = MainViewController.m; sourceTree = "<group>"; };
		52BC7B5415F75551005EAE1E /* en */ = {isa = PBXFileReference; lastKnownFileType = file.xib; name = en; path = en.lproj/MainViewController_iPhone.xib; sourceTree = "<group>"; };
		52BC7B5715F75551005EAE1E /* en */ = {isa = PBXFileReference; lastKnownFileType = file.xib; name = en; path = en.lproj/MainViewController_iPad.xib; sourceTree = "<group>"; };
		52BC7B6115F75551005EAE1E /* TVOutTests.octest */ = {isa = PBXFileReference; explicitFileType = wrapper.cfbundle; includeInIndex = 0; path = TVOutTests.octest; sourceTree = BUILT_PRODUCTS_DIR; };
		52BC7B6215F75551005EAE1E /* SenTestingKit.framework */ = {isa = PBXFileReference; lastKnownFileType = wrapper.framework; name = SenTestingKit.framework; path = Library/Frameworks/SenTestingKit.framework; sourceTree = DEVELOPER_DIR; };
		52BC7B6A15F75551005EAE1E /* TVOutTests-Info.plist */ = {isa = PBXFileReference; lastKnownFileType = text.plist.xml; path = "TVOutTests-Info.plist"; sourceTree = "<group>"; };
		52BC7B6C15F75551005EAE1E /* en */ = {isa = PBXFileReference; lastKnownFileType = text.plist.strings; name = en; path = en.lproj/InfoPlist.strings; sourceTree = "<group>"; };
		52BC7B6E15F75551005EAE1E /* TVOutTests.h */ = {isa = PBXFileReference; lastKnownFileType = sourcecode.c.h; path = TVOutTests.h; sourceTree = "<group>"; };
		52BC7B6F15F75551005EAE1E /* TVOutTests.m */ = {isa = PBXFileReference; lastKnownFileType = sourcecode.c.objc; path = TVOutTests.m; sourceTree = "<group>"; };
		52BC7B7A15F755EE005EAE1E /* ExternalDisplayHandler.h */ = {isa = PBXFileReference; fileEncoding = 4; lastKnownFileType = sourcecode.c.h; path = ExternalDisplayHandler.h; sourceTree = "<group>"; };
		52BC7B7B15F755EE005EAE1E /* ExternalDisplayHandler.m */ = {isa = PBXFileReference; fileEncoding = 4; lastKnownFileType = sourcecode.c.objc; path = ExternalDisplayHandler.m; sourceTree = "<group>"; };
		52BC7B8515F76DA6005EAE1E /* arrow-down.png */ = {isa = PBXFileReference; lastKnownFileType = image.png; path = "arrow-down.png"; sourceTree = "<group>"; };
		52BC7B8615F76DA6005EAE1E /* arrow-up.png */ = {isa = PBXFileReference; lastKnownFileType = image.png; path = "arrow-up.png"; sourceTree = "<group>"; };
		52BC7B8715F76DA6005EAE1E /* arrow-right.png */ = {isa = PBXFileReference; lastKnownFileType = image.png; path = "arrow-right.png"; sourceTree = "<group>"; };
		52BC7B8815F76DA6005EAE1E /* arrow-left.png */ = {isa = PBXFileReference; lastKnownFileType = image.png; path = "arrow-left.png"; sourceTree = "<group>"; };
		52BC7B9115F7B415005EAE1E /* README */ = {isa = PBXFileReference; fileEncoding = 4; lastKnownFileType = text; path = README; sourceTree = "<group>"; };
/* End PBXFileReference section */

/* Begin PBXFrameworksBuildPhase section */
		52BC7B3415F75551005EAE1E /* Frameworks */ = {
			isa = PBXFrameworksBuildPhase;
			buildActionMask = 2147483647;
			files = (
				52BC7B3C15F75551005EAE1E /* UIKit.framework in Frameworks */,
				52BC7B3E15F75551005EAE1E /* Foundation.framework in Frameworks */,
				52BC7B4015F75551005EAE1E /* CoreGraphics.framework in Frameworks */,
			);
			runOnlyForDeploymentPostprocessing = 0;
		};
		52BC7B5D15F75551005EAE1E /* Frameworks */ = {
			isa = PBXFrameworksBuildPhase;
			buildActionMask = 2147483647;
			files = (
				52BC7B6315F75551005EAE1E /* SenTestingKit.framework in Frameworks */,
				52BC7B6415F75551005EAE1E /* UIKit.framework in Frameworks */,
				52BC7B6515F75551005EAE1E /* Foundation.framework in Frameworks */,
			);
			runOnlyForDeploymentPostprocessing = 0;
		};
/* End PBXFrameworksBuildPhase section */

/* Begin PBXGroup section */
		52BC7B2C15F75551005EAE1E = {
			isa = PBXGroup;
			children = (
				52BC7B9115F7B415005EAE1E /* README */,
				52BC7B7915F755B0005EAE1E /* ExternalMonitor */,
				52BC7B4115F75551005EAE1E /* TVOut */,
				52BC7B6815F75551005EAE1E /* TVOutTests */,
				52BC7B3A15F75551005EAE1E /* Frameworks */,
				52BC7B3815F75551005EAE1E /* Products */,
			);
			sourceTree = "<group>";
		};
		52BC7B3815F75551005EAE1E /* Products */ = {
			isa = PBXGroup;
			children = (
				52BC7B3715F75551005EAE1E /* TVOut.app */,
				52BC7B6115F75551005EAE1E /* TVOutTests.octest */,
			);
			name = Products;
			sourceTree = "<group>";
		};
		52BC7B3A15F75551005EAE1E /* Frameworks */ = {
			isa = PBXGroup;
			children = (
				52BC7B3B15F75551005EAE1E /* UIKit.framework */,
				52BC7B3D15F75551005EAE1E /* Foundation.framework */,
				52BC7B3F15F75551005EAE1E /* CoreGraphics.framework */,
				52BC7B6215F75551005EAE1E /* SenTestingKit.framework */,
			);
			name = Frameworks;
			sourceTree = "<group>";
		};
		52BC7B4115F75551005EAE1E /* TVOut */ = {
			isa = PBXGroup;
			children = (
				52BC7B7E15F76C68005EAE1E /* images */,
				52BC7B4A15F75551005EAE1E /* AppDelegate.h */,
				52BC7B4B15F75551005EAE1E /* AppDelegate.m */,
				52BC7B4D15F75551005EAE1E /* MainViewController.h */,
				52BC7B4E15F75551005EAE1E /* MainViewController.m */,
				52BC7B5315F75551005EAE1E /* MainViewController_iPhone.xib */,
				52BC7B5615F75551005EAE1E /* MainViewController_iPad.xib */,
				52BC7B4215F75551005EAE1E /* Supporting Files */,
			);
			path = TVOut;
			sourceTree = "<group>";
		};
		52BC7B4215F75551005EAE1E /* Supporting Files */ = {
			isa = PBXGroup;
			children = (
				52BC7B4315F75551005EAE1E /* TVOut-Info.plist */,
				52BC7B4415F75551005EAE1E /* InfoPlist.strings */,
				52BC7B4715F75551005EAE1E /* main.m */,
				52BC7B4915F75551005EAE1E /* TVOut-Prefix.pch */,
			);
			name = "Supporting Files";
			sourceTree = "<group>";
		};
		52BC7B6815F75551005EAE1E /* TVOutTests */ = {
			isa = PBXGroup;
			children = (
				52BC7B6E15F75551005EAE1E /* TVOutTests.h */,
				52BC7B6F15F75551005EAE1E /* TVOutTests.m */,
				52BC7B6915F75551005EAE1E /* Supporting Files */,
			);
			path = TVOutTests;
			sourceTree = "<group>";
		};
		52BC7B6915F75551005EAE1E /* Supporting Files */ = {
			isa = PBXGroup;
			children = (
				52BC7B6A15F75551005EAE1E /* TVOutTests-Info.plist */,
				52BC7B6B15F75551005EAE1E /* InfoPlist.strings */,
			);
			name = "Supporting Files";
			sourceTree = "<group>";
		};
		52BC7B7915F755B0005EAE1E /* ExternalMonitor */ = {
			isa = PBXGroup;
			children = (
				52BC7B7A15F755EE005EAE1E /* ExternalDisplayHandler.h */,
				52BC7B7B15F755EE005EAE1E /* ExternalDisplayHandler.m */,
			);
			name = ExternalMonitor;
			sourceTree = "<group>";
		};
		52BC7B7E15F76C68005EAE1E /* images */ = {
			isa = PBXGroup;
			children = (
				52BC7B8515F76DA6005EAE1E /* arrow-down.png */,
				52BC7B8615F76DA6005EAE1E /* arrow-up.png */,
				52BC7B8715F76DA6005EAE1E /* arrow-right.png */,
				52BC7B8815F76DA6005EAE1E /* arrow-left.png */,
			);
			name = images;
			sourceTree = "<group>";
		};
/* End PBXGroup section */

/* Begin PBXNativeTarget section */
		52BC7B3615F75551005EAE1E /* TVOut */ = {
			isa = PBXNativeTarget;
			buildConfigurationList = 52BC7B7315F75551005EAE1E /* Build configuration list for PBXNativeTarget "TVOut" */;
			buildPhases = (
				52BC7B3315F75551005EAE1E /* Sources */,
				52BC7B3415F75551005EAE1E /* Frameworks */,
				52BC7B3515F75551005EAE1E /* Resources */,
			);
			buildRules = (
			);
			dependencies = (
			);
			name = TVOut;
			productName = TVOut;
			productReference = 52BC7B3715F75551005EAE1E /* TVOut.app */;
			productType = "com.apple.product-type.application";
		};
		52BC7B6015F75551005EAE1E /* TVOutTests */ = {
			isa = PBXNativeTarget;
			buildConfigurationList = 52BC7B7615F75551005EAE1E /* Build configuration list for PBXNativeTarget "TVOutTests" */;
			buildPhases = (
				52BC7B5C15F75551005EAE1E /* Sources */,
				52BC7B5D15F75551005EAE1E /* Frameworks */,
				52BC7B5E15F75551005EAE1E /* Resources */,
				52BC7B5F15F75551005EAE1E /* ShellScript */,
			);
			buildRules = (
			);
			dependencies = (
				52BC7B6715F75551005EAE1E /* PBXTargetDependency */,
			);
			name = TVOutTests;
			productName = TVOutTests;
			productReference = 52BC7B6115F75551005EAE1E /* TVOutTests.octest */;
			productType = "com.apple.product-type.bundle";
		};
/* End PBXNativeTarget section */

/* Begin PBXProject section */
		52BC7B2E15F75551005EAE1E /* Project object */ = {
			isa = PBXProject;
			attributes = {
				LastUpgradeCheck = 0430;
			};
			buildConfigurationList = 52BC7B3115F75551005EAE1E /* Build configuration list for PBXProject "TVOut" */;
			compatibilityVersion = "Xcode 3.2";
			developmentRegion = English;
			hasScannedForEncodings = 0;
			knownRegions = (
				en,
			);
			mainGroup = 52BC7B2C15F75551005EAE1E;
			productRefGroup = 52BC7B3815F75551005EAE1E /* Products */;
			projectDirPath = "";
			projectRoot = "";
			targets = (
				52BC7B3615F75551005EAE1E /* TVOut */,
				52BC7B6015F75551005EAE1E /* TVOutTests */,
			);
		};
/* End PBXProject section */

/* Begin PBXResourcesBuildPhase section */
		52BC7B3515F75551005EAE1E /* Resources */ = {
			isa = PBXResourcesBuildPhase;
			buildActionMask = 2147483647;
			files = (
				52BC7B4615F75551005EAE1E /* InfoPlist.strings in Resources */,
				52BC7B5515F75551005EAE1E /* MainViewController_iPhone.xib in Resources */,
				52BC7B5815F75551005EAE1E /* MainViewController_iPad.xib in Resources */,
				52BC7B8915F76DA6005EAE1E /* arrow-down.png in Resources */,
				52BC7B8B15F76DA6005EAE1E /* arrow-up.png in Resources */,
				52BC7B8D15F76DA6005EAE1E /* arrow-right.png in Resources */,
				52BC7B8F15F76DA6005EAE1E /* arrow-left.png in Resources */,
				52BC7B9215F7B415005EAE1E /* README in Resources */,
			);
			runOnlyForDeploymentPostprocessing = 0;
		};
		52BC7B5E15F75551005EAE1E /* Resources */ = {
			isa = PBXResourcesBuildPhase;
			buildActionMask = 2147483647;
			files = (
				52BC7B6D15F75551005EAE1E /* InfoPlist.strings in Resources */,
				52BC7B8A15F76DA6005EAE1E /* arrow-down.png in Resources */,
				52BC7B8C15F76DA6005EAE1E /* arrow-up.png in Resources */,
				52BC7B8E15F76DA6005EAE1E /* arrow-right.png in Resources */,
				52BC7B9015F76DA6005EAE1E /* arrow-left.png in Resources */,
				52BC7B9315F7B415005EAE1E /* README in Resources */,
			);
			runOnlyForDeploymentPostprocessing = 0;
		};
/* End PBXResourcesBuildPhase section */

/* Begin PBXShellScriptBuildPhase section */
		52BC7B5F15F75551005EAE1E /* ShellScript */ = {
			isa = PBXShellScriptBuildPhase;
			buildActionMask = 2147483647;
			files = (
			);
			inputPaths = (
			);
			outputPaths = (
			);
			runOnlyForDeploymentPostprocessing = 0;
			shellPath = /bin/sh;
			shellScript = "# Run the unit tests in this test bundle.\n\"${SYSTEM_DEVELOPER_DIR}/Tools/RunUnitTests\"\n";
		};
/* End PBXShellScriptBuildPhase section */

/* Begin PBXSourcesBuildPhase section */
		52BC7B3315F75551005EAE1E /* Sources */ = {
			isa = PBXSourcesBuildPhase;
			buildActionMask = 2147483647;
			files = (
				52BC7B4815F75551005EAE1E /* main.m in Sources */,
				52BC7B4C15F75551005EAE1E /* AppDelegate.m in Sources */,
				52BC7B4F15F75551005EAE1E /* MainViewController.m in Sources */,
				52BC7B7C15F755EE005EAE1E /* ExternalDisplayHandler.m in Sources */,
			);
			runOnlyForDeploymentPostprocessing = 0;
		};
		52BC7B5C15F75551005EAE1E /* Sources */ = {
			isa = PBXSourcesBuildPhase;
			buildActionMask = 2147483647;
			files = (
				52BC7B7015F75551005EAE1E /* TVOutTests.m in Sources */,
				52BC7B7D15F755EE005EAE1E /* ExternalDisplayHandler.m in Sources */,
			);
			runOnlyForDeploymentPostprocessing = 0;
		};
/* End PBXSourcesBuildPhase section */

/* Begin PBXTargetDependency section */
		52BC7B6715F75551005EAE1E /* PBXTargetDependency */ = {
			isa = PBXTargetDependency;
			target = 52BC7B3615F75551005EAE1E /* TVOut */;
			targetProxy = 52BC7B6615F75551005EAE1E /* PBXContainerItemProxy */;
		};
/* End PBXTargetDependency section */

/* Begin PBXVariantGroup section */
		52BC7B4415F75551005EAE1E /* InfoPlist.strings */ = {
			isa = PBXVariantGroup;
			children = (
				52BC7B4515F75551005EAE1E /* en */,
			);
			name = InfoPlist.strings;
			sourceTree = "<group>";
		};
		52BC7B5315F75551005EAE1E /* MainViewController_iPhone.xib */ = {
			isa = PBXVariantGroup;
			children = (
				52BC7B5415F75551005EAE1E /* en */,
			);
			name = MainViewController_iPhone.xib;
			sourceTree = "<group>";
		};
		52BC7B5615F75551005EAE1E /* MainViewController_iPad.xib */ = {
			isa = PBXVariantGroup;
			children = (
				52BC7B5715F75551005EAE1E /* en */,
			);
			name = MainViewController_iPad.xib;
			sourceTree = "<group>";
		};
		52BC7B6B15F75551005EAE1E /* InfoPlist.strings */ = {
			isa = PBXVariantGroup;
			children = (
				52BC7B6C15F75551005EAE1E /* en */,
			);
			name = InfoPlist.strings;
			sourceTree = "<group>";
		};
/* End PBXVariantGroup section */

/* Begin XCBuildConfiguration section */
		52BC7B7115F75551005EAE1E /* Debug */ = {
			isa = XCBuildConfiguration;
			buildSettings = {
				ALWAYS_SEARCH_USER_PATHS = NO;
				ARCHS = "$(ARCHS_STANDARD_32_BIT)";
				CLANG_ENABLE_OBJC_ARC = YES;
				"CODE_SIGN_IDENTITY[sdk=iphoneos*]" = "iPhone Developer";
				COPY_PHASE_STRIP = NO;
				GCC_C_LANGUAGE_STANDARD = gnu99;
				GCC_DYNAMIC_NO_PIC = NO;
				GCC_OPTIMIZATION_LEVEL = 0;
				GCC_PREPROCESSOR_DEFINITIONS = (
					"DEBUG=1",
					"$(inherited)",
				);
				GCC_SYMBOLS_PRIVATE_EXTERN = NO;
				GCC_VERSION = com.apple.compilers.llvm.clang.1_0;
				GCC_WARN_ABOUT_RETURN_TYPE = YES;
				GCC_WARN_UNINITIALIZED_AUTOS = YES;
				GCC_WARN_UNUSED_VARIABLE = YES;
				IPHONEOS_DEPLOYMENT_TARGET = 5.1;
				SDKROOT = iphoneos;
				TARGETED_DEVICE_FAMILY = "1,2";
			};
			name = Debug;
		};
		52BC7B7215F75551005EAE1E /* Release */ = {
			isa = XCBuildConfiguration;
			buildSettings = {
				ALWAYS_SEARCH_USER_PATHS = NO;
				ARCHS = "$(ARCHS_STANDARD_32_BIT)";
				CLANG_ENABLE_OBJC_ARC = YES;
				"CODE_SIGN_IDENTITY[sdk=iphoneos*]" = "iPhone Developer";
				COPY_PHASE_STRIP = YES;
				GCC_C_LANGUAGE_STANDARD = gnu99;
				GCC_VERSION = com.apple.compilers.llvm.clang.1_0;
				GCC_WARN_ABOUT_RETURN_TYPE = YES;
				GCC_WARN_UNINITIALIZED_AUTOS = YES;
				GCC_WARN_UNUSED_VARIABLE = YES;
				IPHONEOS_DEPLOYMENT_TARGET = 5.1;
				OTHER_CFLAGS = "-DNS_BLOCK_ASSERTIONS=1";
				SDKROOT = iphoneos;
				TARGETED_DEVICE_FAMILY = "1,2";
				VALIDATE_PRODUCT = YES;
			};
			name = Release;
		};
		52BC7B7415F75551005EAE1E /* Debug */ = {
			isa = XCBuildConfiguration;
			buildSettings = {
				GCC_PRECOMPILE_PREFIX_HEADER = YES;
				GCC_PREFIX_HEADER = "TVOut/TVOut-Prefix.pch";
				INFOPLIST_FILE = "TVOut/TVOut-Info.plist";
				PRODUCT_NAME = "$(TARGET_NAME)";
				WRAPPER_EXTENSION = app;
			};
			name = Debug;
		};
		52BC7B7515F75551005EAE1E /* Release */ = {
			isa = XCBuildConfiguration;
			buildSettings = {
				GCC_PRECOMPILE_PREFIX_HEADER = YES;
				GCC_PREFIX_HEADER = "TVOut/TVOut-Prefix.pch";
				INFOPLIST_FILE = "TVOut/TVOut-Info.plist";
				PRODUCT_NAME = "$(TARGET_NAME)";
				WRAPPER_EXTENSION = app;
			};
			name = Release;
		};
		52BC7B7715F75551005EAE1E /* Debug */ = {
			isa = XCBuildConfiguration;
			buildSettings = {
				BUNDLE_LOADER = "$(BUILT_PRODUCTS_DIR)/TVOut.app/TVOut";
				FRAMEWORK_SEARCH_PATHS = (
					"$(SDKROOT)/Developer/Library/Frameworks",
					"$(DEVELOPER_LIBRARY_DIR)/Frameworks",
				);
				GCC_PRECOMPILE_PREFIX_HEADER = YES;
				GCC_PREFIX_HEADER = "TVOut/TVOut-Prefix.pch";
				INFOPLIST_FILE = "TVOutTests/TVOutTests-Info.plist";
				PRODUCT_NAME = "$(TARGET_NAME)";
				TEST_HOST = "$(BUNDLE_LOADER)";
				WRAPPER_EXTENSION = octest;
			};
			name = Debug;
		};
		52BC7B7815F75551005EAE1E /* Release */ = {
			isa = XCBuildConfiguration;
			buildSettings = {
				BUNDLE_LOADER = "$(BUILT_PRODUCTS_DIR)/TVOut.app/TVOut";
				FRAMEWORK_SEARCH_PATHS = (
					"$(SDKROOT)/Developer/Library/Frameworks",
					"$(DEVELOPER_LIBRARY_DIR)/Frameworks",
				);
				GCC_PRECOMPILE_PREFIX_HEADER = YES;
				GCC_PREFIX_HEADER = "TVOut/TVOut-Prefix.pch";
				INFOPLIST_FILE = "TVOutTests/TVOutTests-Info.plist";
				PRODUCT_NAME = "$(TARGET_NAME)";
				TEST_HOST = "$(BUNDLE_LOADER)";
				WRAPPER_EXTENSION = octest;
			};
			name = Release;
		};
/* End XCBuildConfiguration section */

/* Begin XCConfigurationList section */
		52BC7B3115F75551005EAE1E /* Build configuration list for PBXProject "TVOut" */ = {
			isa = XCConfigurationList;
			buildConfigurations = (
				52BC7B7115F75551005EAE1E /* Debug */,
				52BC7B7215F75551005EAE1E /* Release */,
			);
			defaultConfigurationIsVisible = 0;
			defaultConfigurationName = Release;
		};
		52BC7B7315F75551005EAE1E /* Build configuration list for PBXNativeTarget "TVOut" */ = {
			isa = XCConfigurationList;
			buildConfigurations = (
				52BC7B7415F75551005EAE1E /* Debug */,
				52BC7B7515F75551005EAE1E /* Release */,
			);
			defaultConfigurationIsVisible = 0;
		};
		52BC7B7615F75551005EAE1E /* Build configuration list for PBXNativeTarget "TVOutTests" */ = {
			isa = XCConfigurationList;
			buildConfigurations = (
				52BC7B7715F75551005EAE1E /* Debug */,
				52BC7B7815F75551005EAE1E /* Release */,
			);
			defaultConfigurationIsVisible = 0;
		};
/* End XCConfigurationList section */
	};
	rootObject = 52BC7B2E15F75551005EAE1E /* Project object */;
}
